// !$*UTF8*$!
{
	archiveVersion = 1;
	classes = {
	};
	objectVersion = 46;
	objects = {

/* Begin PBXBuildFile section */
		245853961BEDAAD10094B0F3 /* main.m in Sources */ = {isa = PBXBuildFile; fileRef = 245853951BEDAAD10094B0F3 /* main.m */; };
		245853991BEDAAD10094B0F3 /* AppDelegate.mm in Sources */ = {isa = PBXBuildFile; fileRef = 245853981BEDAAD10094B0F3 /* AppDelegate.mm */; };
		2458539C1BEDAAD10094B0F3 /* ViewController.m in Sources */ = {isa = PBXBuildFile; fileRef = 2458539B1BEDAAD10094B0F3 /* ViewController.m */; };
		2458539F1BEDAAD10094B0F3 /* Main.storyboard in Resources */ = {isa = PBXBuildFile; fileRef = 2458539D1BEDAAD10094B0F3 /* Main.storyboard */; };
		245853A11BEDAAD10094B0F3 /* Assets.xcassets in Resources */ = {isa = PBXBuildFile; fileRef = 245853A01BEDAAD10094B0F3 /* Assets.xcassets */; };
		245853A41BEDAAD10094B0F3 /* LaunchScreen.storyboard in Resources */ = {isa = PBXBuildFile; fileRef = 245853A21BEDAAD10094B0F3 /* LaunchScreen.storyboard */; };
		245853BB1BEDB2030094B0F3 /* CoreLocation.framework in Frameworks */ = {isa = PBXBuildFile; fileRef = 245853BA1BEDB2030094B0F3 /* CoreLocation.framework */; };
		245853BD1BEDB20E0094B0F3 /* QuartzCore.framework in Frameworks */ = {isa = PBXBuildFile; fileRef = 245853BC1BEDB20E0094B0F3 /* QuartzCore.framework */; };
		245853BF1BEDB21D0094B0F3 /* OpenGLES.framework in Frameworks */ = {isa = PBXBuildFile; fileRef = 245853BE1BEDB21D0094B0F3 /* OpenGLES.framework */; };
		245853C11BEDB24B0094B0F3 /* SystemConfiguration.framework in Frameworks */ = {isa = PBXBuildFile; fileRef = 245853C01BEDB24B0094B0F3 /* SystemConfiguration.framework */; };
		245853C31BEDB32C0094B0F3 /* CoreTelephony.framework in Frameworks */ = {isa = PBXBuildFile; fileRef = 245853C21BEDB32C0094B0F3 /* CoreTelephony.framework */; };
		245853C51BEDB3470094B0F3 /* libstdc++.6.0.9.tbd in Frameworks */ = {isa = PBXBuildFile; fileRef = 245853C41BEDB3470094B0F3 /* libstdc++.6.0.9.tbd */; };
		245853C71BEDB37B0094B0F3 /* CoreGraphics.framework in Frameworks */ = {isa = PBXBuildFile; fileRef = 245853C61BEDB37B0094B0F3 /* CoreGraphics.framework */; };
		245854071BEDB52A0094B0F3 /* mapapi.bundle in Resources */ = {isa = PBXBuildFile; fileRef = 245854061BEDB52A0094B0F3 /* mapapi.bundle */; settings = {ASSET_TAGS = (); }; };
		245854091BEDB53C0094B0F3 /* libbaidumapapi.a in Frameworks */ = {isa = PBXBuildFile; fileRef = 245854081BEDB53C0094B0F3 /* libbaidumapapi.a */; settings = {ASSET_TAGS = (); }; };
/* End PBXBuildFile section */

/* Begin PBXFileReference section */
		245853911BEDAAD10094B0F3 /* MapDemo.app */ = {isa = PBXFileReference; explicitFileType = wrapper.application; includeInIndex = 0; path = MapDemo.app; sourceTree = BUILT_PRODUCTS_DIR; };
		245853951BEDAAD10094B0F3 /* main.m */ = {isa = PBXFileReference; lastKnownFileType = sourcecode.c.objc; path = main.m; sourceTree = "<group>"; };
		245853971BEDAAD10094B0F3 /* AppDelegate.h */ = {isa = PBXFileReference; lastKnownFileType = sourcecode.c.h; path = AppDelegate.h; sourceTree = "<group>"; };
		245853981BEDAAD10094B0F3 /* AppDelegate.mm */ = {isa = PBXFileReference; lastKnownFileType = sourcecode.cpp.objcpp; path = AppDelegate.mm; sourceTree = "<group>"; };
		2458539A1BEDAAD10094B0F3 /* ViewController.h */ = {isa = PBXFileReference; lastKnownFileType = sourcecode.c.h; path = ViewController.h; sourceTree = "<group>"; };
		2458539B1BEDAAD10094B0F3 /* ViewController.m */ = {isa = PBXFileReference; lastKnownFileType = sourcecode.c.objc; path = ViewController.m; sourceTree = "<group>"; };
		2458539E1BEDAAD10094B0F3 /* Base */ = {isa = PBXFileReference; lastKnownFileType = file.storyboard; name = Base; path = Base.lproj/Main.storyboard; sourceTree = "<group>"; };
		245853A01BEDAAD10094B0F3 /* Assets.xcassets */ = {isa = PBXFileReference; lastKnownFileType = folder.assetcatalog; path = Assets.xcassets; sourceTree = "<group>"; };
		245853A31BEDAAD10094B0F3 /* Base */ = {isa = PBXFileReference; lastKnownFileType = file.storyboard; name = Base; path = Base.lproj/LaunchScreen.storyboard; sourceTree = "<group>"; };
		245853A51BEDAAD10094B0F3 /* Info.plist */ = {isa = PBXFileReference; lastKnownFileType = text.plist.xml; path = Info.plist; sourceTree = "<group>"; };
		245853B91BEDAEB00094B0F3 /* MapDemo copy-Info.plist */ = {isa = PBXFileReference; lastKnownFileType = text.plist.xml; name = "MapDemo copy-Info.plist"; path = "/Users/tang/Desktop/iOS代码/知识扩展/地图/BaiDuMapDemo/MapDemo/MapDemo copy-Info.plist"; sourceTree = "<absolute>"; };
		245853BA1BEDB2030094B0F3 /* CoreLocation.framework */ = {isa = PBXFileReference; lastKnownFileType = wrapper.framework; name = CoreLocation.framework; path = System/Library/Frameworks/CoreLocation.framework; sourceTree = SDKROOT; };
		245853BC1BEDB20E0094B0F3 /* QuartzCore.framework */ = {isa = PBXFileReference; lastKnownFileType = wrapper.framework; name = QuartzCore.framework; path = System/Library/Frameworks/QuartzCore.framework; sourceTree = SDKROOT; };
		245853BE1BEDB21D0094B0F3 /* OpenGLES.framework */ = {isa = PBXFileReference; lastKnownFileType = wrapper.framework; name = OpenGLES.framework; path = System/Library/Frameworks/OpenGLES.framework; sourceTree = SDKROOT; };
		245853C01BEDB24B0094B0F3 /* SystemConfiguration.framework */ = {isa = PBXFileReference; lastKnownFileType = wrapper.framework; name = SystemConfiguration.framework; path = System/Library/Frameworks/SystemConfiguration.framework; sourceTree = SDKROOT; };
		245853C21BEDB32C0094B0F3 /* CoreTelephony.framework */ = {isa = PBXFileReference; lastKnownFileType = wrapper.framework; name = CoreTelephony.framework; path = System/Library/Frameworks/CoreTelephony.framework; sourceTree = SDKROOT; };
		245853C41BEDB3470094B0F3 /* libstdc++.6.0.9.tbd */ = {isa = PBXFileReference; lastKnownFileType = "sourcecode.text-based-dylib-definition"; name = "libstdc++.6.0.9.tbd"; path = "usr/lib/libstdc++.6.0.9.tbd"; sourceTree = SDKROOT; };
		245853C61BEDB37B0094B0F3 /* CoreGraphics.framework */ = {isa = PBXFileReference; lastKnownFileType = wrapper.framework; name = CoreGraphics.framework; path = System/Library/Frameworks/CoreGraphics.framework; sourceTree = SDKROOT; };
		245853C91BEDB51D0094B0F3 /* BMapKit.h */ = {isa = PBXFileReference; fileEncoding = 4; lastKnownFileType = sourcecode.c.h; path = BMapKit.h; sourceTree = "<group>"; };
		245853CA1BEDB51D0094B0F3 /* BMKActionPaopaoView.h */ = {isa = PBXFileReference; fileEncoding = 4; lastKnownFileType = sourcecode.c.h; path = BMKActionPaopaoView.h; sourceTree = "<group>"; };
		245853CB1BEDB51D0094B0F3 /* BMKAnnotation.h */ = {isa = PBXFileReference; fileEncoding = 4; lastKnownFileType = sourcecode.c.h; path = BMKAnnotation.h; sourceTree = "<group>"; };
		245853CC1BEDB51D0094B0F3 /* BMKAnnotationView.h */ = {isa = PBXFileReference; fileEncoding = 4; lastKnownFileType = sourcecode.c.h; path = BMKAnnotationView.h; sourceTree = "<group>"; };
		245853CD1BEDB51D0094B0F3 /* BMKArcline.h */ = {isa = PBXFileReference; fileEncoding = 4; lastKnownFileType = sourcecode.c.h; path = BMKArcline.h; sourceTree = "<group>"; };
		245853CE1BEDB51D0094B0F3 /* BMKArclineView.h */ = {isa = PBXFileReference; fileEncoding = 4; lastKnownFileType = sourcecode.c.h; path = BMKArclineView.h; sourceTree = "<group>"; };
		245853CF1BEDB51D0094B0F3 /* BMKBaseComponent.h */ = {isa = PBXFileReference; fileEncoding = 4; lastKnownFileType = sourcecode.c.h; path = BMKBaseComponent.h; sourceTree = "<group>"; };
		245853D01BEDB51D0094B0F3 /* BMKBusLineSearch.h */ = {isa = PBXFileReference; fileEncoding = 4; lastKnownFileType = sourcecode.c.h; path = BMKBusLineSearch.h; sourceTree = "<group>"; };
		245853D11BEDB51D0094B0F3 /* BMKBusLineSearchOption.h */ = {isa = PBXFileReference; fileEncoding = 4; lastKnownFileType = sourcecode.c.h; path = BMKBusLineSearchOption.h; sourceTree = "<group>"; };
		245853D21BEDB51D0094B0F3 /* BMKCircle.h */ = {isa = PBXFileReference; fileEncoding = 4; lastKnownFileType = sourcecode.c.h; path = BMKCircle.h; sourceTree = "<group>"; };
		245853D31BEDB51D0094B0F3 /* BMKCircleView.h */ = {isa = PBXFileReference; fileEncoding = 4; lastKnownFileType = sourcecode.c.h; path = BMKCircleView.h; sourceTree = "<group>"; };
		245853D41BEDB51D0094B0F3 /* BMKCloudPOIList.h */ = {isa = PBXFileReference; fileEncoding = 4; lastKnownFileType = sourcecode.c.h; path = BMKCloudPOIList.h; sourceTree = "<group>"; };
		245853D51BEDB51D0094B0F3 /* BMKCloudSearch.h */ = {isa = PBXFileReference; fileEncoding = 4; lastKnownFileType = sourcecode.c.h; path = BMKCloudSearch.h; sourceTree = "<group>"; };
		245853D61BEDB51D0094B0F3 /* BMKCloudSearchComponent.h */ = {isa = PBXFileReference; fileEncoding = 4; lastKnownFileType = sourcecode.c.h; path = BMKCloudSearchComponent.h; sourceTree = "<group>"; };
		245853D71BEDB51D0094B0F3 /* BMKCloudSearchInfo.h */ = {isa = PBXFileReference; fileEncoding = 4; lastKnownFileType = sourcecode.c.h; path = BMKCloudSearchInfo.h; sourceTree = "<group>"; };
		245853D81BEDB51D0094B0F3 /* BMKGeneralDelegate.h */ = {isa = PBXFileReference; fileEncoding = 4; lastKnownFileType = sourcecode.c.h; path = BMKGeneralDelegate.h; sourceTree = "<group>"; };
		245853D91BEDB51D0094B0F3 /* BMKGeocodeSearch.h */ = {isa = PBXFileReference; fileEncoding = 4; lastKnownFileType = sourcecode.c.h; path = BMKGeocodeSearch.h; sourceTree = "<group>"; };
		245853DA1BEDB51D0094B0F3 /* BMKGeocodeSearchOption.h */ = {isa = PBXFileReference; fileEncoding = 4; lastKnownFileType = sourcecode.c.h; path = BMKGeocodeSearchOption.h; sourceTree = "<group>"; };
		245853DB1BEDB51D0094B0F3 /* BMKGeocodeType.h */ = {isa = PBXFileReference; fileEncoding = 4; lastKnownFileType = sourcecode.c.h; path = BMKGeocodeType.h; sourceTree = "<group>"; };
		245853DC1BEDB51D0094B0F3 /* BMKGeometry.h */ = {isa = PBXFileReference; fileEncoding = 4; lastKnownFileType = sourcecode.c.h; path = BMKGeometry.h; sourceTree = "<group>"; };
		245853DD1BEDB51D0094B0F3 /* BMKGradient.h */ = {isa = PBXFileReference; fileEncoding = 4; lastKnownFileType = sourcecode.c.h; path = BMKGradient.h; sourceTree = "<group>"; };
		245853DE1BEDB51D0094B0F3 /* BMKGroundOverlay.h */ = {isa = PBXFileReference; fileEncoding = 4; lastKnownFileType = sourcecode.c.h; path = BMKGroundOverlay.h; sourceTree = "<group>"; };
		245853DF1BEDB51D0094B0F3 /* BMKGroundOverlayView.h */ = {isa = PBXFileReference; fileEncoding = 4; lastKnownFileType = sourcecode.c.h; path = BMKGroundOverlayView.h; sourceTree = "<group>"; };
		245853E01BEDB51D0094B0F3 /* BMKHeatMap.h */ = {isa = PBXFileReference; fileEncoding = 4; lastKnownFileType = sourcecode.c.h; path = BMKHeatMap.h; sourceTree = "<group>"; };
		245853E11BEDB51D0094B0F3 /* BMKLocationComponent.h */ = {isa = PBXFileReference; fileEncoding = 4; lastKnownFileType = sourcecode.c.h; path = BMKLocationComponent.h; sourceTree = "<group>"; };
		245853E21BEDB51D0094B0F3 /* BMKLocationService.h */ = {isa = PBXFileReference; fileEncoding = 4; lastKnownFileType = sourcecode.c.h; path = BMKLocationService.h; sourceTree = "<group>"; };
		245853E31BEDB51D0094B0F3 /* BMKLocationViewDisplayParam.h */ = {isa = PBXFileReference; fileEncoding = 4; lastKnownFileType = sourcecode.c.h; path = BMKLocationViewDisplayParam.h; sourceTree = "<group>"; };
		245853E41BEDB51D0094B0F3 /* BMKMapComponent.h */ = {isa = PBXFileReference; fileEncoding = 4; lastKnownFileType = sourcecode.c.h; path = BMKMapComponent.h; sourceTree = "<group>"; };
		245853E51BEDB51D0094B0F3 /* BMKMapManager.h */ = {isa = PBXFileReference; fileEncoding = 4; lastKnownFileType = sourcecode.c.h; path = BMKMapManager.h; sourceTree = "<group>"; };
		245853E61BEDB51D0094B0F3 /* BMKMapStatus.h */ = {isa = PBXFileReference; fileEncoding = 4; lastKnownFileType = sourcecode.c.h; path = BMKMapStatus.h; sourceTree = "<group>"; };
		245853E71BEDB51D0094B0F3 /* BMKMapView.h */ = {isa = PBXFileReference; fileEncoding = 4; lastKnownFileType = sourcecode.c.h; path = BMKMapView.h; sourceTree = "<group>"; };
		245853E81BEDB51D0094B0F3 /* BMKMultiPoint.h */ = {isa = PBXFileReference; fileEncoding = 4; lastKnownFileType = sourcecode.c.h; path = BMKMultiPoint.h; sourceTree = "<group>"; };
		245853E91BEDB51D0094B0F3 /* BMKNavigation.h */ = {isa = PBXFileReference; fileEncoding = 4; lastKnownFileType = sourcecode.c.h; path = BMKNavigation.h; sourceTree = "<group>"; };
		245853EA1BEDB51D0094B0F3 /* BMKOfflineMap.h */ = {isa = PBXFileReference; fileEncoding = 4; lastKnownFileType = sourcecode.c.h; path = BMKOfflineMap.h; sourceTree = "<group>"; };
		245853EB1BEDB51D0094B0F3 /* BMKOfflineMapType.h */ = {isa = PBXFileReference; fileEncoding = 4; lastKnownFileType = sourcecode.c.h; path = BMKOfflineMapType.h; sourceTree = "<group>"; };
		245853EC1BEDB51D0094B0F3 /* BMKOverlay.h */ = {isa = PBXFileReference; fileEncoding = 4; lastKnownFileType = sourcecode.c.h; path = BMKOverlay.h; sourceTree = "<group>"; };
		245853ED1BEDB51D0094B0F3 /* BMKOverlayGLBasicView.h */ = {isa = PBXFileReference; fileEncoding = 4; lastKnownFileType = sourcecode.c.h; path = BMKOverlayGLBasicView.h; sourceTree = "<group>"; };
		245853EE1BEDB51D0094B0F3 /* BMKOverlayPathView.h */ = {isa = PBXFileReference; fileEncoding = 4; lastKnownFileType = sourcecode.c.h; path = BMKOverlayPathView.h; sourceTree = "<group>"; };
		245853EF1BEDB51D0094B0F3 /* BMKOverlayView.h */ = {isa = PBXFileReference; fileEncoding = 4; lastKnownFileType = sourcecode.c.h; path = BMKOverlayView.h; sourceTree = "<group>"; };
		245853F01BEDB51D0094B0F3 /* BMKPinAnnotationView.h */ = {isa = PBXFileReference; fileEncoding = 4; lastKnownFileType = sourcecode.c.h; path = BMKPinAnnotationView.h; sourceTree = "<group>"; };
		245853F11BEDB51D0094B0F3 /* BMKPointAnnotation.h */ = {isa = PBXFileReference; fileEncoding = 4; lastKnownFileType = sourcecode.c.h; path = BMKPointAnnotation.h; sourceTree = "<group>"; };
		245853F21BEDB51D0094B0F3 /* BMKPoiSearch.h */ = {isa = PBXFileReference; fileEncoding = 4; lastKnownFileType = sourcecode.c.h; path = BMKPoiSearch.h; sourceTree = "<group>"; };
		245853F31BEDB51D0094B0F3 /* BMKPoiSearchOption.h */ = {isa = PBXFileReference; fileEncoding = 4; lastKnownFileType = sourcecode.c.h; path = BMKPoiSearchOption.h; sourceTree = "<group>"; };
		245853F41BEDB51D0094B0F3 /* BMKPoiSearchType.h */ = {isa = PBXFileReference; fileEncoding = 4; lastKnownFileType = sourcecode.c.h; path = BMKPoiSearchType.h; sourceTree = "<group>"; };
		245853F51BEDB51D0094B0F3 /* BMKPolygon.h */ = {isa = PBXFileReference; fileEncoding = 4; lastKnownFileType = sourcecode.c.h; path = BMKPolygon.h; sourceTree = "<group>"; };
		245853F61BEDB51D0094B0F3 /* BMKPolygonView.h */ = {isa = PBXFileReference; fileEncoding = 4; lastKnownFileType = sourcecode.c.h; path = BMKPolygonView.h; sourceTree = "<group>"; };
		245853F71BEDB51D0094B0F3 /* BMKPolyline.h */ = {isa = PBXFileReference; fileEncoding = 4; lastKnownFileType = sourcecode.c.h; path = BMKPolyline.h; sourceTree = "<group>"; };
		245853F81BEDB51D0094B0F3 /* BMKPolylineView.h */ = {isa = PBXFileReference; fileEncoding = 4; lastKnownFileType = sourcecode.c.h; path = BMKPolylineView.h; sourceTree = "<group>"; };
		245853F91BEDB51D0094B0F3 /* BMKRouteSearch.h */ = {isa = PBXFileReference; fileEncoding = 4; lastKnownFileType = sourcecode.c.h; path = BMKRouteSearch.h; sourceTree = "<group>"; };
		245853FA1BEDB51D0094B0F3 /* BMKRouteSearchOption.h */ = {isa = PBXFileReference; fileEncoding = 4; lastKnownFileType = sourcecode.c.h; path = BMKRouteSearchOption.h; sourceTree = "<group>"; };
		245853FB1BEDB51D0094B0F3 /* BMKRouteSearchType.h */ = {isa = PBXFileReference; fileEncoding = 4; lastKnownFileType = sourcecode.c.h; path = BMKRouteSearchType.h; sourceTree = "<group>"; };
		245853FC1BEDB51D0094B0F3 /* BMKSearchComponent.h */ = {isa = PBXFileReference; fileEncoding = 4; lastKnownFileType = sourcecode.c.h; path = BMKSearchComponent.h; sourceTree = "<group>"; };
		245853FD1BEDB51D0094B0F3 /* BMKShape.h */ = {isa = PBXFileReference; fileEncoding = 4; lastKnownFileType = sourcecode.c.h; path = BMKShape.h; sourceTree = "<group>"; };
		245853FE1BEDB51D0094B0F3 /* BMKShareURLSearch.h */ = {isa = PBXFileReference; fileEncoding = 4; lastKnownFileType = sourcecode.c.h; path = BMKShareURLSearch.h; sourceTree = "<group>"; };
		245853FF1BEDB51D0094B0F3 /* BMKShareUrlSearchOption.h */ = {isa = PBXFileReference; fileEncoding = 4; lastKnownFileType = sourcecode.c.h; path = BMKShareUrlSearchOption.h; sourceTree = "<group>"; };
		245854001BEDB51D0094B0F3 /* BMKSuggestionSearch.h */ = {isa = PBXFileReference; fileEncoding = 4; lastKnownFileType = sourcecode.c.h; path = BMKSuggestionSearch.h; sourceTree = "<group>"; };
		245854011BEDB51D0094B0F3 /* BMKSuggestionSearchOption.h */ = {isa = PBXFileReference; fileEncoding = 4; lastKnownFileType = sourcecode.c.h; path = BMKSuggestionSearchOption.h; sourceTree = "<group>"; };
		245854021BEDB51D0094B0F3 /* BMKTypes.h */ = {isa = PBXFileReference; fileEncoding = 4; lastKnownFileType = sourcecode.c.h; path = BMKTypes.h; sourceTree = "<group>"; };
		245854031BEDB51D0094B0F3 /* BMKUserLocation.h */ = {isa = PBXFileReference; fileEncoding = 4; lastKnownFileType = sourcecode.c.h; path = BMKUserLocation.h; sourceTree = "<group>"; };
		245854041BEDB51D0094B0F3 /* BMKUtilsComponent.h */ = {isa = PBXFileReference; fileEncoding = 4; lastKnownFileType = sourcecode.c.h; path = BMKUtilsComponent.h; sourceTree = "<group>"; };
		245854051BEDB51D0094B0F3 /* BMKVersion.h */ = {isa = PBXFileReference; fileEncoding = 4; lastKnownFileType = sourcecode.c.h; path = BMKVersion.h; sourceTree = "<group>"; };
		245854061BEDB52A0094B0F3 /* mapapi.bundle */ = {isa = PBXFileReference; lastKnownFileType = "wrapper.plug-in"; path = mapapi.bundle; sourceTree = "<group>"; };
		245854081BEDB53C0094B0F3 /* libbaidumapapi.a */ = {isa = PBXFileReference; lastKnownFileType = archive.ar; path = libbaidumapapi.a; sourceTree = "<group>"; };
/* End PBXFileReference section */

/* Begin PBXFrameworksBuildPhase section */
		2458538E1BEDAAD10094B0F3 /* Frameworks */ = {
			isa = PBXFrameworksBuildPhase;
			buildActionMask = 2147483647;
			files = (
				245853C71BEDB37B0094B0F3 /* CoreGraphics.framework in Frameworks */,
				245853C51BEDB3470094B0F3 /* libstdc++.6.0.9.tbd in Frameworks */,
				245853C31BEDB32C0094B0F3 /* CoreTelephony.framework in Frameworks */,
				245854091BEDB53C0094B0F3 /* libbaidumapapi.a in Frameworks */,
				245853C11BEDB24B0094B0F3 /* SystemConfiguration.framework in Frameworks */,
				245853BF1BEDB21D0094B0F3 /* OpenGLES.framework in Frameworks */,
				245853BD1BEDB20E0094B0F3 /* QuartzCore.framework in Frameworks */,
				245853BB1BEDB2030094B0F3 /* CoreLocation.framework in Frameworks */,
			);
			runOnlyForDeploymentPostprocessing = 0;
		};
/* End PBXFrameworksBuildPhase section */

/* Begin PBXGroup section */
		245853881BEDAAD10094B0F3 = {
			isa = PBXGroup;
			children = (
				245853C61BEDB37B0094B0F3 /* CoreGraphics.framework */,
				245853C41BEDB3470094B0F3 /* libstdc++.6.0.9.tbd */,
				245853C21BEDB32C0094B0F3 /* CoreTelephony.framework */,
				245853C01BEDB24B0094B0F3 /* SystemConfiguration.framework */,
				245853BE1BEDB21D0094B0F3 /* OpenGLES.framework */,
				245853BC1BEDB20E0094B0F3 /* QuartzCore.framework */,
				245853BA1BEDB2030094B0F3 /* CoreLocation.framework */,
				245853931BEDAAD10094B0F3 /* MapDemo */,
				245853921BEDAAD10094B0F3 /* Products */,
				245853B91BEDAEB00094B0F3 /* MapDemo copy-Info.plist */,
			);
			sourceTree = "<group>";
		};
		245853921BEDAAD10094B0F3 /* Products */ = {
			isa = PBXGroup;
			children = (
				245853911BEDAAD10094B0F3 /* MapDemo.app */,
			);
			name = Products;
			sourceTree = "<group>";
		};
		245853931BEDAAD10094B0F3 /* MapDemo */ = {
			isa = PBXGroup;
			children = (
				245854081BEDB53C0094B0F3 /* libbaidumapapi.a */,
				245854061BEDB52A0094B0F3 /* mapapi.bundle */,
				245853C81BEDB51D0094B0F3 /* inc */,
				245853971BEDAAD10094B0F3 /* AppDelegate.h */,
				245853981BEDAAD10094B0F3 /* AppDelegate.mm */,
				2458539A1BEDAAD10094B0F3 /* ViewController.h */,
				2458539B1BEDAAD10094B0F3 /* ViewController.m */,
				2458539D1BEDAAD10094B0F3 /* Main.storyboard */,
				245853A01BEDAAD10094B0F3 /* Assets.xcassets */,
				245853A21BEDAAD10094B0F3 /* LaunchScreen.storyboard */,
				245853A51BEDAAD10094B0F3 /* Info.plist */,
				245853941BEDAAD10094B0F3 /* Supporting Files */,
			);
			path = MapDemo;
			sourceTree = "<group>";
		};
		245853941BEDAAD10094B0F3 /* Supporting Files */ = {
			isa = PBXGroup;
			children = (
				245853951BEDAAD10094B0F3 /* main.m */,
			);
			name = "Supporting Files";
			sourceTree = "<group>";
		};
		245853C81BEDB51D0094B0F3 /* inc */ = {
			isa = PBXGroup;
			children = (
				245853C91BEDB51D0094B0F3 /* BMapKit.h */,
				245853CA1BEDB51D0094B0F3 /* BMKActionPaopaoView.h */,
				245853CB1BEDB51D0094B0F3 /* BMKAnnotation.h */,
				245853CC1BEDB51D0094B0F3 /* BMKAnnotationView.h */,
				245853CD1BEDB51D0094B0F3 /* BMKArcline.h */,
				245853CE1BEDB51D0094B0F3 /* BMKArclineView.h */,
				245853CF1BEDB51D0094B0F3 /* BMKBaseComponent.h */,
				245853D01BEDB51D0094B0F3 /* BMKBusLineSearch.h */,
				245853D11BEDB51D0094B0F3 /* BMKBusLineSearchOption.h */,
				245853D21BEDB51D0094B0F3 /* BMKCircle.h */,
				245853D31BEDB51D0094B0F3 /* BMKCircleView.h */,
				245853D41BEDB51D0094B0F3 /* BMKCloudPOIList.h */,
				245853D51BEDB51D0094B0F3 /* BMKCloudSearch.h */,
				245853D61BEDB51D0094B0F3 /* BMKCloudSearchComponent.h */,
				245853D71BEDB51D0094B0F3 /* BMKCloudSearchInfo.h */,
				245853D81BEDB51D0094B0F3 /* BMKGeneralDelegate.h */,
				245853D91BEDB51D0094B0F3 /* BMKGeocodeSearch.h */,
				245853DA1BEDB51D0094B0F3 /* BMKGeocodeSearchOption.h */,
				245853DB1BEDB51D0094B0F3 /* BMKGeocodeType.h */,
				245853DC1BEDB51D0094B0F3 /* BMKGeometry.h */,
				245853DD1BEDB51D0094B0F3 /* BMKGradient.h */,
				245853DE1BEDB51D0094B0F3 /* BMKGroundOverlay.h */,
				245853DF1BEDB51D0094B0F3 /* BMKGroundOverlayView.h */,
				245853E01BEDB51D0094B0F3 /* BMKHeatMap.h */,
				245853E11BEDB51D0094B0F3 /* BMKLocationComponent.h */,
				245853E21BEDB51D0094B0F3 /* BMKLocationService.h */,
				245853E31BEDB51D0094B0F3 /* BMKLocationViewDisplayParam.h */,
				245853E41BEDB51D0094B0F3 /* BMKMapComponent.h */,
				245853E51BEDB51D0094B0F3 /* BMKMapManager.h */,
				245853E61BEDB51D0094B0F3 /* BMKMapStatus.h */,
				245853E71BEDB51D0094B0F3 /* BMKMapView.h */,
				245853E81BEDB51D0094B0F3 /* BMKMultiPoint.h */,
				245853E91BEDB51D0094B0F3 /* BMKNavigation.h */,
				245853EA1BEDB51D0094B0F3 /* BMKOfflineMap.h */,
				245853EB1BEDB51D0094B0F3 /* BMKOfflineMapType.h */,
				245853EC1BEDB51D0094B0F3 /* BMKOverlay.h */,
				245853ED1BEDB51D0094B0F3 /* BMKOverlayGLBasicView.h */,
				245853EE1BEDB51D0094B0F3 /* BMKOverlayPathView.h */,
				245853EF1BEDB51D0094B0F3 /* BMKOverlayView.h */,
				245853F01BEDB51D0094B0F3 /* BMKPinAnnotationView.h */,
				245853F11BEDB51D0094B0F3 /* BMKPointAnnotation.h */,
				245853F21BEDB51D0094B0F3 /* BMKPoiSearch.h */,
				245853F31BEDB51D0094B0F3 /* BMKPoiSearchOption.h */,
				245853F41BEDB51D0094B0F3 /* BMKPoiSearchType.h */,
				245853F51BEDB51D0094B0F3 /* BMKPolygon.h */,
				245853F61BEDB51D0094B0F3 /* BMKPolygonView.h */,
				245853F71BEDB51D0094B0F3 /* BMKPolyline.h */,
				245853F81BEDB51D0094B0F3 /* BMKPolylineView.h */,
				245853F91BEDB51D0094B0F3 /* BMKRouteSearch.h */,
				245853FA1BEDB51D0094B0F3 /* BMKRouteSearchOption.h */,
				245853FB1BEDB51D0094B0F3 /* BMKRouteSearchType.h */,
				245853FC1BEDB51D0094B0F3 /* BMKSearchComponent.h */,
				245853FD1BEDB51D0094B0F3 /* BMKShape.h */,
				245853FE1BEDB51D0094B0F3 /* BMKShareURLSearch.h */,
				245853FF1BEDB51D0094B0F3 /* BMKShareUrlSearchOption.h */,
				245854001BEDB51D0094B0F3 /* BMKSuggestionSearch.h */,
				245854011BEDB51D0094B0F3 /* BMKSuggestionSearchOption.h */,
				245854021BEDB51D0094B0F3 /* BMKTypes.h */,
				245854031BEDB51D0094B0F3 /* BMKUserLocation.h */,
				245854041BEDB51D0094B0F3 /* BMKUtilsComponent.h */,
				245854051BEDB51D0094B0F3 /* BMKVersion.h */,
			);
			path = inc;
			sourceTree = "<group>";
		};
/* End PBXGroup section */

/* Begin PBXNativeTarget section */
		245853901BEDAAD10094B0F3 /* MapDemo */ = {
			isa = PBXNativeTarget;
			buildConfigurationList = 245853A81BEDAAD10094B0F3 /* Build configuration list for PBXNativeTarget "MapDemo" */;
			buildPhases = (
				2458538D1BEDAAD10094B0F3 /* Sources */,
				2458538E1BEDAAD10094B0F3 /* Frameworks */,
				2458538F1BEDAAD10094B0F3 /* Resources */,
			);
			buildRules = (
			);
			dependencies = (
			);
			name = MapDemo;
			productName = MapDemo;
			productReference = 245853911BEDAAD10094B0F3 /* MapDemo.app */;
			productType = "com.apple.product-type.application";
		};
/* End PBXNativeTarget section */

/* Begin PBXProject section */
		245853891BEDAAD10094B0F3 /* Project object */ = {
			isa = PBXProject;
			attributes = {
				CLASSPREFIX = TSZ;
				LastUpgradeCheck = 0700;
				ORGANIZATIONNAME = Tsz;
				TargetAttributes = {
					245853901BEDAAD10094B0F3 = {
						CreatedOnToolsVersion = 7.0;
					};
				};
			};
			buildConfigurationList = 2458538C1BEDAAD10094B0F3 /* Build configuration list for PBXProject "MapDemo" */;
			compatibilityVersion = "Xcode 3.2";
			developmentRegion = English;
			hasScannedForEncodings = 0;
			knownRegions = (
				en,
				Base,
			);
			mainGroup = 245853881BEDAAD10094B0F3;
			productRefGroup = 245853921BEDAAD10094B0F3 /* Products */;
			projectDirPath = "";
			projectRoot = "";
			targets = (
				245853901BEDAAD10094B0F3 /* MapDemo */,
			);
		};
/* End PBXProject section */

/* Begin PBXResourcesBuildPhase section */
		2458538F1BEDAAD10094B0F3 /* Resources */ = {
			isa = PBXResourcesBuildPhase;
			buildActionMask = 2147483647;
			files = (
				245853A41BEDAAD10094B0F3 /* LaunchScreen.storyboard in Resources */,
				245854071BEDB52A0094B0F3 /* mapapi.bundle in Resources */,
				245853A11BEDAAD10094B0F3 /* Assets.xcassets in Resources */,
				2458539F1BEDAAD10094B0F3 /* Main.storyboard in Resources */,
			);
			runOnlyForDeploymentPostprocessing = 0;
		};
/* End PBXResourcesBuildPhase section */

/* Begin PBXSourcesBuildPhase section */
		2458538D1BEDAAD10094B0F3 /* Sources */ = {
			isa = PBXSourcesBuildPhase;
			buildActionMask = 2147483647;
			files = (
				2458539C1BEDAAD10094B0F3 /* ViewController.m in Sources */,
				245853991BEDAAD10094B0F3 /* AppDelegate.mm in Sources */,
				245853961BEDAAD10094B0F3 /* main.m in Sources */,
			);
			runOnlyForDeploymentPostprocessing = 0;
		};
/* End PBXSourcesBuildPhase section */

/* Begin PBXVariantGroup section */
		2458539D1BEDAAD10094B0F3 /* Main.storyboard */ = {
			isa = PBXVariantGroup;
			children = (
				2458539E1BEDAAD10094B0F3 /* Base */,
			);
			name = Main.storyboard;
			sourceTree = "<group>";
		};
		245853A21BEDAAD10094B0F3 /* LaunchScreen.storyboard */ = {
			isa = PBXVariantGroup;
			children = (
				245853A31BEDAAD10094B0F3 /* Base */,
			);
			name = LaunchScreen.storyboard;
			sourceTree = "<group>";
		};
/* End PBXVariantGroup section */

/* Begin XCBuildConfiguration section */
		245853A61BEDAAD10094B0F3 /* Debug */ = {
			isa = XCBuildConfiguration;
			buildSettings = {
				ALWAYS_SEARCH_USER_PATHS = NO;
				CLANG_CXX_LANGUAGE_STANDARD = "gnu++0x";
				CLANG_CXX_LIBRARY = "libc++";
				CLANG_ENABLE_MODULES = YES;
				CLANG_ENABLE_OBJC_ARC = YES;
				CLANG_WARN_BOOL_CONVERSION = YES;
				CLANG_WARN_CONSTANT_CONVERSION = YES;
				CLANG_WARN_DIRECT_OBJC_ISA_USAGE = YES_ERROR;
				CLANG_WARN_EMPTY_BODY = YES;
				CLANG_WARN_ENUM_CONVERSION = YES;
				CLANG_WARN_INT_CONVERSION = YES;
				CLANG_WARN_OBJC_ROOT_CLASS = YES_ERROR;
				CLANG_WARN_UNREACHABLE_CODE = YES;
				CLANG_WARN__DUPLICATE_METHOD_MATCH = YES;
				"CODE_SIGN_IDENTITY[sdk=iphoneos*]" = "iPhone Developer";
				COPY_PHASE_STRIP = NO;
				DEBUG_INFORMATION_FORMAT = dwarf;
				ENABLE_STRICT_OBJC_MSGSEND = YES;
				ENABLE_TESTABILITY = YES;
				GCC_C_LANGUAGE_STANDARD = gnu99;
				GCC_DYNAMIC_NO_PIC = NO;
				GCC_NO_COMMON_BLOCKS = YES;
				GCC_OPTIMIZATION_LEVEL = 0;
				GCC_PREPROCESSOR_DEFINITIONS = (
					"DEBUG=1",
					"$(inherited)",
				);
				GCC_WARN_64_TO_32_BIT_CONVERSION = YES;
				GCC_WARN_ABOUT_RETURN_TYPE = YES_ERROR;
				GCC_WARN_UNDECLARED_SELECTOR = YES;
				GCC_WARN_UNINITIALIZED_AUTOS = YES_AGGRESSIVE;
				GCC_WARN_UNUSED_FUNCTION = YES;
				GCC_WARN_UNUSED_VARIABLE = YES;
				IPHONEOS_DEPLOYMENT_TARGET = 9.0;
				MTL_ENABLE_DEBUG_INFO = YES;
				ONLY_ACTIVE_ARCH = YES;
				SDKROOT = iphoneos;
				TARGETED_DEVICE_FAMILY = "1,2";
			};
			name = Debug;
		};
		245853A71BEDAAD10094B0F3 /* Release */ = {
			isa = XCBuildConfiguration;
			buildSettings = {
				ALWAYS_SEARCH_USER_PATHS = NO;
				CLANG_CXX_LANGUAGE_STANDARD = "gnu++0x";
				CLANG_CXX_LIBRARY = "libc++";
				CLANG_ENABLE_MODULES = YES;
				CLANG_ENABLE_OBJC_ARC = YES;
				CLANG_WARN_BOOL_CONVERSION = YES;
				CLANG_WARN_CONSTANT_CONVERSION = YES;
				CLANG_WARN_DIRECT_OBJC_ISA_USAGE = YES_ERROR;
				CLANG_WARN_EMPTY_BODY = YES;
				CLANG_WARN_ENUM_CONVERSION = YES;
				CLANG_WARN_INT_CONVERSION = YES;
				CLANG_WARN_OBJC_ROOT_CLASS = YES_ERROR;
				CLANG_WARN_UNREACHABLE_CODE = YES;
				CLANG_WARN__DUPLICATE_METHOD_MATCH = YES;
				"CODE_SIGN_IDENTITY[sdk=iphoneos*]" = "iPhone Developer";
				COPY_PHASE_STRIP = NO;
				DEBUG_INFORMATION_FORMAT = "dwarf-with-dsym";
				ENABLE_NS_ASSERTIONS = NO;
				ENABLE_STRICT_OBJC_MSGSEND = YES;
				GCC_C_LANGUAGE_STANDARD = gnu99;
				GCC_NO_COMMON_BLOCKS = YES;
				GCC_WARN_64_TO_32_BIT_CONVERSION = YES;
				GCC_WARN_ABOUT_RETURN_TYPE = YES_ERROR;
				GCC_WARN_UNDECLARED_SELECTOR = YES;
				GCC_WARN_UNINITIALIZED_AUTOS = YES_AGGRESSIVE;
				GCC_WARN_UNUSED_FUNCTION = YES;
				GCC_WARN_UNUSED_VARIABLE = YES;
				IPHONEOS_DEPLOYMENT_TARGET = 9.0;
				MTL_ENABLE_DEBUG_INFO = NO;
				SDKROOT = iphoneos;
				TARGETED_DEVICE_FAMILY = "1,2";
				VALIDATE_PRODUCT = YES;
			};
			name = Release;
		};
		245853A91BEDAAD10094B0F3 /* Debug */ = {
			isa = XCBuildConfiguration;
			buildSettings = {
				ASSETCATALOG_COMPILER_APPICON_NAME = AppIcon;
				INFOPLIST_FILE = MapDemo/Info.plist;
				LD_RUNPATH_SEARCH_PATHS = "$(inherited) @executable_path/Frameworks";
				LIBRARY_SEARCH_PATHS = (
					"$(inherited)",
					"$(PROJECT_DIR)/MapDemo",
				);
				PRODUCT_BUNDLE_IDENTIFIER = tsz.MapDemo;
				PRODUCT_NAME = "$(TARGET_NAME)";
			};
			name = Debug;
		};
		245853AA1BEDAAD10094B0F3 /* Release */ = {
			isa = XCBuildConfiguration;
			buildSettings = {
				ASSETCATALOG_COMPILER_APPICON_NAME = AppIcon;
				INFOPLIST_FILE = MapDemo/Info.plist;
				LD_RUNPATH_SEARCH_PATHS = "$(inherited) @executable_path/Frameworks";
				LIBRARY_SEARCH_PATHS = (
					"$(inherited)",
					"$(PROJECT_DIR)/MapDemo",
				);
				PRODUCT_BUNDLE_IDENTIFIER = tsz.MapDemo;
				PRODUCT_NAME = "$(TARGET_NAME)";
			};
			name = Release;
		};
/* End XCBuildConfiguration section */

/* Begin XCConfigurationList section */
		2458538C1BEDAAD10094B0F3 /* Build configuration list for PBXProject "MapDemo" */ = {
			isa = XCConfigurationList;
			buildConfigurations = (
				245853A61BEDAAD10094B0F3 /* Debug */,
				245853A71BEDAAD10094B0F3 /* Release */,
			);
			defaultConfigurationIsVisible = 0;
			defaultConfigurationName = Release;
		};
		245853A81BEDAAD10094B0F3 /* Build configuration list for PBXNativeTarget "MapDemo" */ = {
			isa = XCConfigurationList;
			buildConfigurations = (
				245853A91BEDAAD10094B0F3 /* Debug */,
				245853AA1BEDAAD10094B0F3 /* Release */,
			);
			defaultConfigurationIsVisible = 0;
		};
/* End XCConfigurationList section */
	};
	rootObject = 245853891BEDAAD10094B0F3 /* Project object */;
}
